// !$*UTF8*$!
{
	archiveVersion = 1;
	classes = {
	};
	objectVersion = 46;
	objects = {

/* Begin PBXBuildFile section */
		318E6119CBD0237B69D927D4 /* Pods_LambdaUITests.framework in Frameworks */ = {isa = PBXBuildFile; fileRef = E2A1252BFCECF3F9DD6A7295 /* Pods_LambdaUITests.framework */; };
		89AC1BB70D3213806637E81D /* Pods_LambdaTests.framework in Frameworks */ = {isa = PBXBuildFile; fileRef = FBDFA0235C9D6BC13108CDEE /* Pods_LambdaTests.framework */; };
		C6060F1D1DAC664E00B0AAFE /* AppDelegate.swift in Sources */ = {isa = PBXBuildFile; fileRef = C6060F1C1DAC664E00B0AAFE /* AppDelegate.swift */; };
		C6060F1F1DAC664E00B0AAFE /* ViewController.swift in Sources */ = {isa = PBXBuildFile; fileRef = C6060F1E1DAC664E00B0AAFE /* ViewController.swift */; };
		C6060F221DAC664E00B0AAFE /* Main.storyboard in Resources */ = {isa = PBXBuildFile; fileRef = C6060F201DAC664E00B0AAFE /* Main.storyboard */; };
		C6060F241DAC664E00B0AAFE /* Assets.xcassets in Resources */ = {isa = PBXBuildFile; fileRef = C6060F231DAC664E00B0AAFE /* Assets.xcassets */; };
		C6060F271DAC664E00B0AAFE /* LaunchScreen.storyboard in Resources */ = {isa = PBXBuildFile; fileRef = C6060F251DAC664E00B0AAFE /* LaunchScreen.storyboard */; };
		C6060F321DAC664E00B0AAFE /* LambdaTests.swift in Sources */ = {isa = PBXBuildFile; fileRef = C6060F311DAC664E00B0AAFE /* LambdaTests.swift */; };
		C6060F3D1DAC664E00B0AAFE /* LambdaUITests.swift in Sources */ = {isa = PBXBuildFile; fileRef = C6060F3C1DAC664E00B0AAFE /* LambdaUITests.swift */; };
		C6060F4B1DAC69DF00B0AAFE /* GoogleService-Info.plist in Resources */ = {isa = PBXBuildFile; fileRef = C6060F4A1DAC69DF00B0AAFE /* GoogleService-Info.plist */; };
		C66611BA1DAD46D900CD5CEE /* Picture.swift in Sources */ = {isa = PBXBuildFile; fileRef = C66611B91DAD46D900CD5CEE /* Picture.swift */; };
		EDBE24013961BF03BB7262FD /* Pods_Lambda.framework in Frameworks */ = {isa = PBXBuildFile; fileRef = 54976476D1362140C0F84000 /* Pods_Lambda.framework */; };
/* End PBXBuildFile section */

/* Begin PBXContainerItemProxy section */
		C6060F2E1DAC664E00B0AAFE /* PBXContainerItemProxy */ = {
			isa = PBXContainerItemProxy;
			containerPortal = C6060F111DAC664E00B0AAFE /* Project object */;
			proxyType = 1;
			remoteGlobalIDString = C6060F181DAC664E00B0AAFE;
			remoteInfo = Lambda;
		};
		C6060F391DAC664E00B0AAFE /* PBXContainerItemProxy */ = {
			isa = PBXContainerItemProxy;
			containerPortal = C6060F111DAC664E00B0AAFE /* Project object */;
			proxyType = 1;
			remoteGlobalIDString = C6060F181DAC664E00B0AAFE;
			remoteInfo = Lambda;
		};
/* End PBXContainerItemProxy section */

/* Begin PBXFileReference section */
		0C661F9D488B44A3AB5EED44 /* Pods-Lambda.debug.xcconfig */ = {isa = PBXFileReference; includeInIndex = 1; lastKnownFileType = text.xcconfig; name = "Pods-Lambda.debug.xcconfig"; path = "Pods/Target Support Files/Pods-Lambda/Pods-Lambda.debug.xcconfig"; sourceTree = "<group>"; };
		0D3ABEF599C13EF5FEA6F5DB /* Pods-LambdaUITests.release.xcconfig */ = {isa = PBXFileReference; includeInIndex = 1; lastKnownFileType = text.xcconfig; name = "Pods-LambdaUITests.release.xcconfig"; path = "Pods/Target Support Files/Pods-LambdaUITests/Pods-LambdaUITests.release.xcconfig"; sourceTree = "<group>"; };
		105E09DC55A040C40C35D462 /* Pods-LambdaUITests.debug.xcconfig */ = {isa = PBXFileReference; includeInIndex = 1; lastKnownFileType = text.xcconfig; name = "Pods-LambdaUITests.debug.xcconfig"; path = "Pods/Target Support Files/Pods-LambdaUITests/Pods-LambdaUITests.debug.xcconfig"; sourceTree = "<group>"; };
		1650545A0A315449D0318250 /* Pods-Lambda.release.xcconfig */ = {isa = PBXFileReference; includeInIndex = 1; lastKnownFileType = text.xcconfig; name = "Pods-Lambda.release.xcconfig"; path = "Pods/Target Support Files/Pods-Lambda/Pods-Lambda.release.xcconfig"; sourceTree = "<group>"; };
		26A18F6E49A9A70CA8ECB98F /* Pods-LambdaTests.release.xcconfig */ = {isa = PBXFileReference; includeInIndex = 1; lastKnownFileType = text.xcconfig; name = "Pods-LambdaTests.release.xcconfig"; path = "Pods/Target Support Files/Pods-LambdaTests/Pods-LambdaTests.release.xcconfig"; sourceTree = "<group>"; };
		54976476D1362140C0F84000 /* Pods_Lambda.framework */ = {isa = PBXFileReference; explicitFileType = wrapper.framework; includeInIndex = 0; path = Pods_Lambda.framework; sourceTree = BUILT_PRODUCTS_DIR; };
		894560215DD829BC7BD60B50 /* Pods-LambdaTests.debug.xcconfig */ = {isa = PBXFileReference; includeInIndex = 1; lastKnownFileType = text.xcconfig; name = "Pods-LambdaTests.debug.xcconfig"; path = "Pods/Target Support Files/Pods-LambdaTests/Pods-LambdaTests.debug.xcconfig"; sourceTree = "<group>"; };
		C6060F191DAC664E00B0AAFE /* Lambda.app */ = {isa = PBXFileReference; explicitFileType = wrapper.application; includeInIndex = 0; path = Lambda.app; sourceTree = BUILT_PRODUCTS_DIR; };
		C6060F1C1DAC664E00B0AAFE /* AppDelegate.swift */ = {isa = PBXFileReference; lastKnownFileType = sourcecode.swift; path = AppDelegate.swift; sourceTree = "<group>"; };
		C6060F1E1DAC664E00B0AAFE /* ViewController.swift */ = {isa = PBXFileReference; lastKnownFileType = sourcecode.swift; path = ViewController.swift; sourceTree = "<group>"; };
		C6060F211DAC664E00B0AAFE /* Base */ = {isa = PBXFileReference; lastKnownFileType = file.storyboard; name = Base; path = Base.lproj/Main.storyboard; sourceTree = "<group>"; };
		C6060F231DAC664E00B0AAFE /* Assets.xcassets */ = {isa = PBXFileReference; lastKnownFileType = folder.assetcatalog; path = Assets.xcassets; sourceTree = "<group>"; };
		C6060F261DAC664E00B0AAFE /* Base */ = {isa = PBXFileReference; lastKnownFileType = file.storyboard; name = Base; path = Base.lproj/LaunchScreen.storyboard; sourceTree = "<group>"; };
		C6060F281DAC664E00B0AAFE /* Info.plist */ = {isa = PBXFileReference; lastKnownFileType = text.plist.xml; path = Info.plist; sourceTree = "<group>"; };
		C6060F2D1DAC664E00B0AAFE /* LambdaTests.xctest */ = {isa = PBXFileReference; explicitFileType = wrapper.cfbundle; includeInIndex = 0; path = LambdaTests.xctest; sourceTree = BUILT_PRODUCTS_DIR; };
		C6060F311DAC664E00B0AAFE /* LambdaTests.swift */ = {isa = PBXFileReference; lastKnownFileType = sourcecode.swift; path = LambdaTests.swift; sourceTree = "<group>"; };
		C6060F331DAC664E00B0AAFE /* Info.plist */ = {isa = PBXFileReference; lastKnownFileType = text.plist.xml; path = Info.plist; sourceTree = "<group>"; };
		C6060F381DAC664E00B0AAFE /* LambdaUITests.xctest */ = {isa = PBXFileReference; explicitFileType = wrapper.cfbundle; includeInIndex = 0; path = LambdaUITests.xctest; sourceTree = BUILT_PRODUCTS_DIR; };
		C6060F3C1DAC664E00B0AAFE /* LambdaUITests.swift */ = {isa = PBXFileReference; lastKnownFileType = sourcecode.swift; path = LambdaUITests.swift; sourceTree = "<group>"; };
		C6060F3E1DAC664E00B0AAFE /* Info.plist */ = {isa = PBXFileReference; lastKnownFileType = text.plist.xml; path = Info.plist; sourceTree = "<group>"; };
		C6060F4A1DAC69DF00B0AAFE /* GoogleService-Info.plist */ = {isa = PBXFileReference; fileEncoding = 4; lastKnownFileType = text.plist.xml; path = "GoogleService-Info.plist"; sourceTree = "<group>"; };
		C66611B91DAD46D900CD5CEE /* Picture.swift */ = {isa = PBXFileReference; fileEncoding = 4; lastKnownFileType = sourcecode.swift; path = Picture.swift; sourceTree = "<group>"; };
		E2A1252BFCECF3F9DD6A7295 /* Pods_LambdaUITests.framework */ = {isa = PBXFileReference; explicitFileType = wrapper.framework; includeInIndex = 0; path = Pods_LambdaUITests.framework; sourceTree = BUILT_PRODUCTS_DIR; };
		FBDFA0235C9D6BC13108CDEE /* Pods_LambdaTests.framework */ = {isa = PBXFileReference; explicitFileType = wrapper.framework; includeInIndex = 0; path = Pods_LambdaTests.framework; sourceTree = BUILT_PRODUCTS_DIR; };
/* End PBXFileReference section */

/* Begin PBXFrameworksBuildPhase section */
		C6060F161DAC664E00B0AAFE /* Frameworks */ = {
			isa = PBXFrameworksBuildPhase;
			buildActionMask = 2147483647;
			files = (
				EDBE24013961BF03BB7262FD /* Pods_Lambda.framework in Frameworks */,
			);
			runOnlyForDeploymentPostprocessing = 0;
		};
		C6060F2A1DAC664E00B0AAFE /* Frameworks */ = {
			isa = PBXFrameworksBuildPhase;
			buildActionMask = 2147483647;
			files = (
				89AC1BB70D3213806637E81D /* Pods_LambdaTests.framework in Frameworks */,
			);
			runOnlyForDeploymentPostprocessing = 0;
		};
		C6060F351DAC664E00B0AAFE /* Frameworks */ = {
			isa = PBXFrameworksBuildPhase;
			buildActionMask = 2147483647;
			files = (
				318E6119CBD0237B69D927D4 /* Pods_LambdaUITests.framework in Frameworks */,
			);
			runOnlyForDeploymentPostprocessing = 0;
		};
/* End PBXFrameworksBuildPhase section */

/* Begin PBXGroup section */
		08C0EC68BB954F13B77A1099 /* Pods */ = {
			isa = PBXGroup;
			children = (
				0C661F9D488B44A3AB5EED44 /* Pods-Lambda.debug.xcconfig */,
				1650545A0A315449D0318250 /* Pods-Lambda.release.xcconfig */,
				894560215DD829BC7BD60B50 /* Pods-LambdaTests.debug.xcconfig */,
				26A18F6E49A9A70CA8ECB98F /* Pods-LambdaTests.release.xcconfig */,
				105E09DC55A040C40C35D462 /* Pods-LambdaUITests.debug.xcconfig */,
				0D3ABEF599C13EF5FEA6F5DB /* Pods-LambdaUITests.release.xcconfig */,
			);
			name = Pods;
			sourceTree = "<group>";
		};
		4CA49A7C1B9AF6BA3D8CDBF6 /* Frameworks */ = {
			isa = PBXGroup;
			children = (
				54976476D1362140C0F84000 /* Pods_Lambda.framework */,
				FBDFA0235C9D6BC13108CDEE /* Pods_LambdaTests.framework */,
				E2A1252BFCECF3F9DD6A7295 /* Pods_LambdaUITests.framework */,
			);
			name = Frameworks;
			sourceTree = "<group>";
		};
		C6060F101DAC664E00B0AAFE = {
			isa = PBXGroup;
			children = (
				C6060F1B1DAC664E00B0AAFE /* Lambda */,
				C6060F301DAC664E00B0AAFE /* LambdaTests */,
				C6060F3B1DAC664E00B0AAFE /* LambdaUITests */,
				C6060F1A1DAC664E00B0AAFE /* Products */,
				08C0EC68BB954F13B77A1099 /* Pods */,
				4CA49A7C1B9AF6BA3D8CDBF6 /* Frameworks */,
			);
			sourceTree = "<group>";
		};
		C6060F1A1DAC664E00B0AAFE /* Products */ = {
			isa = PBXGroup;
			children = (
				C6060F191DAC664E00B0AAFE /* Lambda.app */,
				C6060F2D1DAC664E00B0AAFE /* LambdaTests.xctest */,
				C6060F381DAC664E00B0AAFE /* LambdaUITests.xctest */,
			);
			name = Products;
			sourceTree = "<group>";
		};
		C6060F1B1DAC664E00B0AAFE /* Lambda */ = {
			isa = PBXGroup;
			children = (
				C6060F4A1DAC69DF00B0AAFE /* GoogleService-Info.plist */,
				C6060F1C1DAC664E00B0AAFE /* AppDelegate.swift */,
				C6060F1E1DAC664E00B0AAFE /* ViewController.swift */,
				C66611B91DAD46D900CD5CEE /* Picture.swift */,
				C6060F201DAC664E00B0AAFE /* Main.storyboard */,
				C6060F231DAC664E00B0AAFE /* Assets.xcassets */,
				C6060F251DAC664E00B0AAFE /* LaunchScreen.storyboard */,
				C6060F281DAC664E00B0AAFE /* Info.plist */,
			);
			path = Lambda;
			sourceTree = "<group>";
		};
		C6060F301DAC664E00B0AAFE /* LambdaTests */ = {
			isa = PBXGroup;
			children = (
				C6060F311DAC664E00B0AAFE /* LambdaTests.swift */,
				C6060F331DAC664E00B0AAFE /* Info.plist */,
			);
			path = LambdaTests;
			sourceTree = "<group>";
		};
		C6060F3B1DAC664E00B0AAFE /* LambdaUITests */ = {
			isa = PBXGroup;
			children = (
				C6060F3C1DAC664E00B0AAFE /* LambdaUITests.swift */,
				C6060F3E1DAC664E00B0AAFE /* Info.plist */,
			);
			path = LambdaUITests;
			sourceTree = "<group>";
		};
/* End PBXGroup section */

/* Begin PBXNativeTarget section */
		C6060F181DAC664E00B0AAFE /* Lambda */ = {
			isa = PBXNativeTarget;
			buildConfigurationList = C6060F411DAC664E00B0AAFE /* Build configuration list for PBXNativeTarget "Lambda" */;
			buildPhases = (
				1D6E1B54DB3ECA13B88DFB4B /* [CP] Check Pods Manifest.lock */,
				C6060F151DAC664E00B0AAFE /* Sources */,
				C6060F161DAC664E00B0AAFE /* Frameworks */,
				C6060F171DAC664E00B0AAFE /* Resources */,
				596DEE13945CE7B4FD4CC0EF /* [CP] Embed Pods Frameworks */,
				D91D8896CADDD7780BB48EAD /* [CP] Copy Pods Resources */,
			);
			buildRules = (
			);
			dependencies = (
			);
			name = Lambda;
			productName = Lambda;
			productReference = C6060F191DAC664E00B0AAFE /* Lambda.app */;
			productType = "com.apple.product-type.application";
		};
		C6060F2C1DAC664E00B0AAFE /* LambdaTests */ = {
			isa = PBXNativeTarget;
			buildConfigurationList = C6060F441DAC664E00B0AAFE /* Build configuration list for PBXNativeTarget "LambdaTests" */;
			buildPhases = (
				D51130651D1617C8A2170E6A /* [CP] Check Pods Manifest.lock */,
				C6060F291DAC664E00B0AAFE /* Sources */,
				C6060F2A1DAC664E00B0AAFE /* Frameworks */,
				C6060F2B1DAC664E00B0AAFE /* Resources */,
				8CAABF0ED4882BC02C310426 /* [CP] Embed Pods Frameworks */,
				F4D450F5C0E39585D9AAF7DD /* [CP] Copy Pods Resources */,
			);
			buildRules = (
			);
			dependencies = (
				C6060F2F1DAC664E00B0AAFE /* PBXTargetDependency */,
			);
			name = LambdaTests;
			productName = LambdaTests;
			productReference = C6060F2D1DAC664E00B0AAFE /* LambdaTests.xctest */;
			productType = "com.apple.product-type.bundle.unit-test";
		};
		C6060F371DAC664E00B0AAFE /* LambdaUITests */ = {
			isa = PBXNativeTarget;
			buildConfigurationList = C6060F471DAC664E00B0AAFE /* Build configuration list for PBXNativeTarget "LambdaUITests" */;
			buildPhases = (
				91BD8223A2AD692D66A978A5 /* [CP] Check Pods Manifest.lock */,
				C6060F341DAC664E00B0AAFE /* Sources */,
				C6060F351DAC664E00B0AAFE /* Frameworks */,
				C6060F361DAC664E00B0AAFE /* Resources */,
				C2908A23F43D13093F4F342E /* [CP] Embed Pods Frameworks */,
				3F013E64FF8DB71A44C653BC /* [CP] Copy Pods Resources */,
			);
			buildRules = (
			);
			dependencies = (
				C6060F3A1DAC664E00B0AAFE /* PBXTargetDependency */,
			);
			name = LambdaUITests;
			productName = LambdaUITests;
			productReference = C6060F381DAC664E00B0AAFE /* LambdaUITests.xctest */;
			productType = "com.apple.product-type.bundle.ui-testing";
		};
/* End PBXNativeTarget section */

/* Begin PBXProject section */
		C6060F111DAC664E00B0AAFE /* Project object */ = {
			isa = PBXProject;
			attributes = {
				LastSwiftUpdateCheck = 0800;
				LastUpgradeCheck = 0800;
				ORGANIZATIONNAME = "Buka Cakrawala";
				TargetAttributes = {
					C6060F181DAC664E00B0AAFE = {
						CreatedOnToolsVersion = 8.0;
						DevelopmentTeam = TRR5Q7F2CV;
						ProvisioningStyle = Automatic;
					};
					C6060F2C1DAC664E00B0AAFE = {
						CreatedOnToolsVersion = 8.0;
						ProvisioningStyle = Automatic;
						TestTargetID = C6060F181DAC664E00B0AAFE;
					};
					C6060F371DAC664E00B0AAFE = {
						CreatedOnToolsVersion = 8.0;
						ProvisioningStyle = Automatic;
						TestTargetID = C6060F181DAC664E00B0AAFE;
					};
				};
			};
			buildConfigurationList = C6060F141DAC664E00B0AAFE /* Build configuration list for PBXProject "Lambda" */;
			compatibilityVersion = "Xcode 3.2";
			developmentRegion = English;
			hasScannedForEncodings = 0;
			knownRegions = (
				en,
				Base,
			);
			mainGroup = C6060F101DAC664E00B0AAFE;
			productRefGroup = C6060F1A1DAC664E00B0AAFE /* Products */;
			projectDirPath = "";
			projectRoot = "";
			targets = (
				C6060F181DAC664E00B0AAFE /* Lambda */,
				C6060F2C1DAC664E00B0AAFE /* LambdaTests */,
				C6060F371DAC664E00B0AAFE /* LambdaUITests */,
			);
		};
/* End PBXProject section */

/* Begin PBXResourcesBuildPhase section */
		C6060F171DAC664E00B0AAFE /* Resources */ = {
			isa = PBXResourcesBuildPhase;
			buildActionMask = 2147483647;
			files = (
				C6060F271DAC664E00B0AAFE /* LaunchScreen.storyboard in Resources */,
				C6060F4B1DAC69DF00B0AAFE /* GoogleService-Info.plist in Resources */,
				C6060F241DAC664E00B0AAFE /* Assets.xcassets in Resources */,
				C6060F221DAC664E00B0AAFE /* Main.storyboard in Resources */,
			);
			runOnlyForDeploymentPostprocessing = 0;
		};
		C6060F2B1DAC664E00B0AAFE /* Resources */ = {
			isa = PBXResourcesBuildPhase;
			buildActionMask = 2147483647;
			files = (
			);
			runOnlyForDeploymentPostprocessing = 0;
		};
		C6060F361DAC664E00B0AAFE /* Resources */ = {
			isa = PBXResourcesBuildPhase;
			buildActionMask = 2147483647;
			files = (
			);
			runOnlyForDeploymentPostprocessing = 0;
		};
/* End PBXResourcesBuildPhase section */

/* Begin PBXShellScriptBuildPhase section */
		1D6E1B54DB3ECA13B88DFB4B /* [CP] Check Pods Manifest.lock */ = {
			isa = PBXShellScriptBuildPhase;
			buildActionMask = 2147483647;
			files = (
			);
			inputPaths = (
			);
			name = "[CP] Check Pods Manifest.lock";
			outputPaths = (
			);
			runOnlyForDeploymentPostprocessing = 0;
			shellPath = /bin/sh;
			shellScript = "diff \"${PODS_ROOT}/../Podfile.lock\" \"${PODS_ROOT}/Manifest.lock\" > /dev/null\nif [ $? != 0 ] ; then\n    # print error to STDERR\n    echo \"error: The sandbox is not in sync with the Podfile.lock. Run 'pod install' or update your CocoaPods installation.\" >&2\n    exit 1\nfi\n";
			showEnvVarsInLog = 0;
		};
		3F013E64FF8DB71A44C653BC /* [CP] Copy Pods Resources */ = {
			isa = PBXShellScriptBuildPhase;
			buildActionMask = 2147483647;
			files = (
			);
			inputPaths = (
			);
			name = "[CP] Copy Pods Resources";
			outputPaths = (
			);
			runOnlyForDeploymentPostprocessing = 0;
			shellPath = /bin/sh;
			shellScript = "\"${SRCROOT}/Pods/Target Support Files/Pods-LambdaUITests/Pods-LambdaUITests-resources.sh\"\n";
			showEnvVarsInLog = 0;
		};
		596DEE13945CE7B4FD4CC0EF /* [CP] Embed Pods Frameworks */ = {
			isa = PBXShellScriptBuildPhase;
			buildActionMask = 2147483647;
			files = (
			);
			inputPaths = (
			);
			name = "[CP] Embed Pods Frameworks";
			outputPaths = (
			);
			runOnlyForDeploymentPostprocessing = 0;
			shellPath = /bin/sh;
			shellScript = "\"${SRCROOT}/Pods/Target Support Files/Pods-Lambda/Pods-Lambda-frameworks.sh\"\n";
			showEnvVarsInLog = 0;
		};
		8CAABF0ED4882BC02C310426 /* [CP] Embed Pods Frameworks */ = {
			isa = PBXShellScriptBuildPhase;
			buildActionMask = 2147483647;
			files = (
			);
			inputPaths = (
			);
			name = "[CP] Embed Pods Frameworks";
			outputPaths = (
			);
			runOnlyForDeploymentPostprocessing = 0;
			shellPath = /bin/sh;
			shellScript = "\"${SRCROOT}/Pods/Target Support Files/Pods-LambdaTests/Pods-LambdaTests-frameworks.sh\"\n";
			showEnvVarsInLog = 0;
		};
		91BD8223A2AD692D66A978A5 /* [CP] Check Pods Manifest.lock */ = {
			isa = PBXShellScriptBuildPhase;
			buildActionMask = 2147483647;
			files = (
			);
			inputPaths = (
			);
			name = "[CP] Check Pods Manifest.lock";
			outputPaths = (
			);
			runOnlyForDeploymentPostprocessing = 0;
			shellPath = /bin/sh;
			shellScript = "diff \"${PODS_ROOT}/../Podfile.lock\" \"${PODS_ROOT}/Manifest.lock\" > /dev/null\nif [ $? != 0 ] ; then\n    # print error to STDERR\n    echo \"error: The sandbox is not in sync with the Podfile.lock. Run 'pod install' or update your CocoaPods installation.\" >&2\n    exit 1\nfi\n";
			showEnvVarsInLog = 0;
		};
		C2908A23F43D13093F4F342E /* [CP] Embed Pods Frameworks */ = {
			isa = PBXShellScriptBuildPhase;
			buildActionMask = 2147483647;
			files = (
			);
			inputPaths = (
			);
			name = "[CP] Embed Pods Frameworks";
			outputPaths = (
			);
			runOnlyForDeploymentPostprocessing = 0;
			shellPath = /bin/sh;
			shellScript = "\"${SRCROOT}/Pods/Target Support Files/Pods-LambdaUITests/Pods-LambdaUITests-frameworks.sh\"\n";
			showEnvVarsInLog = 0;
		};
		D51130651D1617C8A2170E6A /* [CP] Check Pods Manifest.lock */ = {
			isa = PBXShellScriptBuildPhase;
			buildActionMask = 2147483647;
			files = (
			);
			inputPaths = (
			);
			name = "[CP] Check Pods Manifest.lock";
			outputPaths = (
			);
			runOnlyForDeploymentPostprocessing = 0;
			shellPath = /bin/sh;
			shellScript = "diff \"${PODS_ROOT}/../Podfile.lock\" \"${PODS_ROOT}/Manifest.lock\" > /dev/null\nif [ $? != 0 ] ; then\n    # print error to STDERR\n    echo \"error: The sandbox is not in sync with the Podfile.lock. Run 'pod install' or update your CocoaPods installation.\" >&2\n    exit 1\nfi\n";
			showEnvVarsInLog = 0;
		};
		D91D8896CADDD7780BB48EAD /* [CP] Copy Pods Resources */ = {
			isa = PBXShellScriptBuildPhase;
			buildActionMask = 2147483647;
			files = (
			);
			inputPaths = (
			);
			name = "[CP] Copy Pods Resources";
			outputPaths = (
			);
			runOnlyForDeploymentPostprocessing = 0;
			shellPath = /bin/sh;
			shellScript = "\"${SRCROOT}/Pods/Target Support Files/Pods-Lambda/Pods-Lambda-resources.sh\"\n";
			showEnvVarsInLog = 0;
		};
		F4D450F5C0E39585D9AAF7DD /* [CP] Copy Pods Resources */ = {
			isa = PBXShellScriptBuildPhase;
			buildActionMask = 2147483647;
			files = (
			);
			inputPaths = (
			);
			name = "[CP] Copy Pods Resources";
			outputPaths = (
			);
			runOnlyForDeploymentPostprocessing = 0;
			shellPath = /bin/sh;
			shellScript = "\"${SRCROOT}/Pods/Target Support Files/Pods-LambdaTests/Pods-LambdaTests-resources.sh\"\n";
			showEnvVarsInLog = 0;
		};
/* End PBXShellScriptBuildPhase section */

/* Begin PBXSourcesBuildPhase section */
		C6060F151DAC664E00B0AAFE /* Sources */ = {
			isa = PBXSourcesBuildPhase;
			buildActionMask = 2147483647;
			files = (
				C66611BA1DAD46D900CD5CEE /* Picture.swift in Sources */,
				C6060F1F1DAC664E00B0AAFE /* ViewController.swift in Sources */,
				C6060F1D1DAC664E00B0AAFE /* AppDelegate.swift in Sources */,
			);
			runOnlyForDeploymentPostprocessing = 0;
		};
		C6060F291DAC664E00B0AAFE /* Sources */ = {
			isa = PBXSourcesBuildPhase;
			buildActionMask = 2147483647;
			files = (
				C6060F321DAC664E00B0AAFE /* LambdaTests.swift in Sources */,
			);
			runOnlyForDeploymentPostprocessing = 0;
		};
		C6060F341DAC664E00B0AAFE /* Sources */ = {
			isa = PBXSourcesBuildPhase;
			buildActionMask = 2147483647;
			files = (
				C6060F3D1DAC664E00B0AAFE /* LambdaUITests.swift in Sources */,
			);
			runOnlyForDeploymentPostprocessing = 0;
		};
/* End PBXSourcesBuildPhase section */

/* Begin PBXTargetDependency section */
		C6060F2F1DAC664E00B0AAFE /* PBXTargetDependency */ = {
			isa = PBXTargetDependency;
			target = C6060F181DAC664E00B0AAFE /* Lambda */;
			targetProxy = C6060F2E1DAC664E00B0AAFE /* PBXContainerItemProxy */;
		};
		C6060F3A1DAC664E00B0AAFE /* PBXTargetDependency */ = {
			isa = PBXTargetDependency;
			target = C6060F181DAC664E00B0AAFE /* Lambda */;
			targetProxy = C6060F391DAC664E00B0AAFE /* PBXContainerItemProxy */;
		};
/* End PBXTargetDependency section */

/* Begin PBXVariantGroup section */
		C6060F201DAC664E00B0AAFE /* Main.storyboard */ = {
			isa = PBXVariantGroup;
			children = (
				C6060F211DAC664E00B0AAFE /* Base */,
			);
			name = Main.storyboard;
			sourceTree = "<group>";
		};
		C6060F251DAC664E00B0AAFE /* LaunchScreen.storyboard */ = {
			isa = PBXVariantGroup;
			children = (
				C6060F261DAC664E00B0AAFE /* Base */,
			);
			name = LaunchScreen.storyboard;
			sourceTree = "<group>";
		};
/* End PBXVariantGroup section */

/* Begin XCBuildConfiguration section */
		C6060F3F1DAC664E00B0AAFE /* Debug */ = {
			isa = XCBuildConfiguration;
			buildSettings = {
				ALWAYS_SEARCH_USER_PATHS = NO;
				CLANG_ANALYZER_NONNULL = YES;
				CLANG_CXX_LANGUAGE_STANDARD = "gnu++0x";
				CLANG_CXX_LIBRARY = "libc++";
				CLANG_ENABLE_MODULES = YES;
				CLANG_ENABLE_OBJC_ARC = YES;
				CLANG_WARN_BOOL_CONVERSION = YES;
				CLANG_WARN_CONSTANT_CONVERSION = YES;
				CLANG_WARN_DIRECT_OBJC_ISA_USAGE = YES_ERROR;
				CLANG_WARN_DOCUMENTATION_COMMENTS = YES;
				CLANG_WARN_EMPTY_BODY = YES;
				CLANG_WARN_ENUM_CONVERSION = YES;
				CLANG_WARN_INFINITE_RECURSION = YES;
				CLANG_WARN_INT_CONVERSION = YES;
				CLANG_WARN_OBJC_ROOT_CLASS = YES_ERROR;
				CLANG_WARN_SUSPICIOUS_MOVES = YES;
				CLANG_WARN_UNREACHABLE_CODE = YES;
				CLANG_WARN__DUPLICATE_METHOD_MATCH = YES;
				"CODE_SIGN_IDENTITY[sdk=iphoneos*]" = "iPhone Developer";
				COPY_PHASE_STRIP = NO;
				DEBUG_INFORMATION_FORMAT = dwarf;
				ENABLE_STRICT_OBJC_MSGSEND = YES;
				ENABLE_TESTABILITY = YES;
				GCC_C_LANGUAGE_STANDARD = gnu99;
				GCC_DYNAMIC_NO_PIC = NO;
				GCC_NO_COMMON_BLOCKS = YES;
				GCC_OPTIMIZATION_LEVEL = 0;
				GCC_PREPROCESSOR_DEFINITIONS = (
					"DEBUG=1",
					"$(inherited)",
				);
				GCC_WARN_64_TO_32_BIT_CONVERSION = YES;
				GCC_WARN_ABOUT_RETURN_TYPE = YES_ERROR;
				GCC_WARN_UNDECLARED_SELECTOR = YES;
				GCC_WARN_UNINITIALIZED_AUTOS = YES_AGGRESSIVE;
				GCC_WARN_UNUSED_FUNCTION = YES;
				GCC_WARN_UNUSED_VARIABLE = YES;
				IPHONEOS_DEPLOYMENT_TARGET = 10.0;
				MTL_ENABLE_DEBUG_INFO = YES;
				ONLY_ACTIVE_ARCH = YES;
				SDKROOT = iphoneos;
				SWIFT_ACTIVE_COMPILATION_CONDITIONS = DEBUG;
				SWIFT_OPTIMIZATION_LEVEL = "-Onone";
				TARGETED_DEVICE_FAMILY = "1,2";
			};
			name = Debug;
		};
		C6060F401DAC664E00B0AAFE /* Release */ = {
			isa = XCBuildConfiguration;
			buildSettings = {
				ALWAYS_SEARCH_USER_PATHS = NO;
				CLANG_ANALYZER_NONNULL = YES;
				CLANG_CXX_LANGUAGE_STANDARD = "gnu++0x";
				CLANG_CXX_LIBRARY = "libc++";
				CLANG_ENABLE_MODULES = YES;
				CLANG_ENABLE_OBJC_ARC = YES;
				CLANG_WARN_BOOL_CONVERSION = YES;
				CLANG_WARN_CONSTANT_CONVERSION = YES;
				CLANG_WARN_DIRECT_OBJC_ISA_USAGE = YES_ERROR;
				CLANG_WARN_DOCUMENTATION_COMMENTS = YES;
				CLANG_WARN_EMPTY_BODY = YES;
				CLANG_WARN_ENUM_CONVERSION = YES;
				CLANG_WARN_INFINITE_RECURSION = YES;
				CLANG_WARN_INT_CONVERSION = YES;
				CLANG_WARN_OBJC_ROOT_CLASS = YES_ERROR;
				CLANG_WARN_SUSPICIOUS_MOVES = YES;
				CLANG_WARN_UNREACHABLE_CODE = YES;
				CLANG_WARN__DUPLICATE_METHOD_MATCH = YES;
				"CODE_SIGN_IDENTITY[sdk=iphoneos*]" = "iPhone Developer";
				COPY_PHASE_STRIP = NO;
				DEBUG_INFORMATION_FORMAT = "dwarf-with-dsym";
				ENABLE_NS_ASSERTIONS = NO;
				ENABLE_STRICT_OBJC_MSGSEND = YES;
				GCC_C_LANGUAGE_STANDARD = gnu99;
				GCC_NO_COMMON_BLOCKS = YES;
				GCC_WARN_64_TO_32_BIT_CONVERSION = YES;
				GCC_WARN_ABOUT_RETURN_TYPE = YES_ERROR;
				GCC_WARN_UNDECLARED_SELECTOR = YES;
				GCC_WARN_UNINITIALIZED_AUTOS = YES_AGGRESSIVE;
				GCC_WARN_UNUSED_FUNCTION = YES;
				GCC_WARN_UNUSED_VARIABLE = YES;
				IPHONEOS_DEPLOYMENT_TARGET = 10.0;
				MTL_ENABLE_DEBUG_INFO = NO;
				SDKROOT = iphoneos;
				SWIFT_OPTIMIZATION_LEVEL = "-Owholemodule";
				TARGETED_DEVICE_FAMILY = "1,2";
				VALIDATE_PRODUCT = YES;
			};
			name = Release;
		};
		C6060F421DAC664E00B0AAFE /* Debug */ = {
			isa = XCBuildConfiguration;
			baseConfigurationReference = 0C661F9D488B44A3AB5EED44 /* Pods-Lambda.debug.xcconfig */;
			buildSettings = {
				ASSETCATALOG_COMPILER_APPICON_NAME = AppIcon;
				DEVELOPMENT_TEAM = TRR5Q7F2CV;
				INFOPLIST_FILE = Lambda/Info.plist;
				IPHONEOS_DEPLOYMENT_TARGET = 10.0;
				LD_RUNPATH_SEARCH_PATHS = "$(inherited) @executable_path/Frameworks";
				PRODUCT_BUNDLE_IDENTIFIER = com.kaka.Lambda;
				PRODUCT_NAME = "$(TARGET_NAME)";
				SWIFT_VERSION = 3.0;
				TARGETED_DEVICE_FAMILY = 1;
			};
			name = Debug;
		};
		C6060F431DAC664E00B0AAFE /* Release */ = {
			isa = XCBuildConfiguration;
			baseConfigurationReference = 1650545A0A315449D0318250 /* Pods-Lambda.release.xcconfig */;
			buildSettings = {
				ASSETCATALOG_COMPILER_APPICON_NAME = AppIcon;
				DEVELOPMENT_TEAM = TRR5Q7F2CV;
				INFOPLIST_FILE = Lambda/Info.plist;
				IPHONEOS_DEPLOYMENT_TARGET = 10.0;
				LD_RUNPATH_SEARCH_PATHS = "$(inherited) @executable_path/Frameworks";
				PRODUCT_BUNDLE_IDENTIFIER = com.kaka.Lambda;
				PRODUCT_NAME = "$(TARGET_NAME)";
				SWIFT_VERSION = 3.0;
				TARGETED_DEVICE_FAMILY = 1;
			};
			name = Release;
		};
		C6060F451DAC664E00B0AAFE /* Debug */ = {
			isa = XCBuildConfiguration;
			baseConfigurationReference = 894560215DD829BC7BD60B50 /* Pods-LambdaTests.debug.xcconfig */;
			buildSettings = {
				ALWAYS_EMBED_SWIFT_STANDARD_LIBRARIES = YES;
				BUNDLE_LOADER = "$(TEST_HOST)";
				INFOPLIST_FILE = LambdaTests/Info.plist;
				LD_RUNPATH_SEARCH_PATHS = "$(inherited) @executable_path/Frameworks @loader_path/Frameworks";
				PRODUCT_BUNDLE_IDENTIFIER = com.kaka.LambdaTests;
				PRODUCT_NAME = "$(TARGET_NAME)";
				SWIFT_VERSION = 3.0;
				TEST_HOST = "$(BUILT_PRODUCTS_DIR)/Lambda.app/Lambda";
			};
			name = Debug;
		};
		C6060F461DAC664E00B0AAFE /* Release */ = {
			isa = XCBuildConfiguration;
			baseConfigurationReference = 26A18F6E49A9A70CA8ECB98F /* Pods-LambdaTests.release.xcconfig */;
			buildSettings = {
				ALWAYS_EMBED_SWIFT_STANDARD_LIBRARIES = YES;
				BUNDLE_LOADER = "$(TEST_HOST)";
				INFOPLIST_FILE = LambdaTests/Info.plist;
				LD_RUNPATH_SEARCH_PATHS = "$(inherited) @executable_path/Frameworks @loader_path/Frameworks";
				PRODUCT_BUNDLE_IDENTIFIER = com.kaka.LambdaTests;
				PRODUCT_NAME = "$(TARGET_NAME)";
				SWIFT_VERSION = 3.0;
				TEST_HOST = "$(BUILT_PRODUCTS_DIR)/Lambda.app/Lambda";
			};
			name = Release;
		};
		C6060F481DAC664E00B0AAFE /* Debug */ = {
			isa = XCBuildConfiguration;
			baseConfigurationReference = 105E09DC55A040C40C35D462 /* Pods-LambdaUITests.debug.xcconfig */;
			buildSettings = {
				ALWAYS_EMBED_SWIFT_STANDARD_LIBRARIES = YES;
				INFOPLIST_FILE = LambdaUITests/Info.plist;
				LD_RUNPATH_SEARCH_PATHS = "$(inherited) @executable_path/Frameworks @loader_path/Frameworks";
				PRODUCT_BUNDLE_IDENTIFIER = com.kaka.LambdaUITests;
				PRODUCT_NAME = "$(TARGET_NAME)";
				SWIFT_VERSION = 3.0;
				TEST_TARGET_NAME = Lambda;
			};
			name = Debug;
		};
		C6060F491DAC664E00B0AAFE /* Release */ = {
			isa = XCBuildConfiguration;
			baseConfigurationReference = 0D3ABEF599C13EF5FEA6F5DB /* Pods-LambdaUITests.release.xcconfig */;
			buildSettings = {
				ALWAYS_EMBED_SWIFT_STANDARD_LIBRARIES = YES;
				INFOPLIST_FILE = LambdaUITests/Info.plist;
				LD_RUNPATH_SEARCH_PATHS = "$(inherited) @executable_path/Frameworks @loader_path/Frameworks";
				PRODUCT_BUNDLE_IDENTIFIER = com.kaka.LambdaUITests;
				PRODUCT_NAME = "$(TARGET_NAME)";
				SWIFT_VERSION = 3.0;
				TEST_TARGET_NAME = Lambda;
			};
			name = Release;
		};
/* End XCBuildConfiguration section */

/* Begin XCConfigurationList section */
		C6060F141DAC664E00B0AAFE /* Build configuration list for PBXProject "Lambda" */ = {
			isa = XCConfigurationList;
			buildConfigurations = (
				C6060F3F1DAC664E00B0AAFE /* Debug */,
				C6060F401DAC664E00B0AAFE /* Release */,
			);
			defaultConfigurationIsVisible = 0;
			defaultConfigurationName = Release;
		};
		C6060F411DAC664E00B0AAFE /* Build configuration list for PBXNativeTarget "Lambda" */ = {
			isa = XCConfigurationList;
			buildConfigurations = (
				C6060F421DAC664E00B0AAFE /* Debug */,
				C6060F431DAC664E00B0AAFE /* Release */,
			);
			defaultConfigurationIsVisible = 0;
			defaultConfigurationName = Release;
		};
		C6060F441DAC664E00B0AAFE /* Build configuration list for PBXNativeTarget "LambdaTests" */ = {
			isa = XCConfigurationList;
			buildConfigurations = (
				C6060F451DAC664E00B0AAFE /* Debug */,
				C6060F461DAC664E00B0AAFE /* Release */,
			);
			defaultConfigurationIsVisible = 0;
			defaultConfigurationName = Release;
		};
		C6060F471DAC664E00B0AAFE /* Build configuration list for PBXNativeTarget "LambdaUITests" */ = {
			isa = XCConfigurationList;
			buildConfigurations = (
				C6060F481DAC664E00B0AAFE /* Debug */,
				C6060F491DAC664E00B0AAFE /* Release */,
			);
			defaultConfigurationIsVisible = 0;
			defaultConfigurationName = Release;
		};
/* End XCConfigurationList section */
	};
	rootObject = C6060F111DAC664E00B0AAFE /* Project object */;
}
